
Microsoft Visual Studio Solution File, Format Version 12.00
# Visual Studio 14
VisualStudioVersion = 14.0.25420.1
MinimumVisualStudioVersion = 10.0.40219.1
Project("{FAE04EC0-301F-11D3-BF4B-00C04F79EFBC}") = "SharpLibFritzBox", "SharpLibFritzBox.csproj", "{871F78E2-CA95-4E0F-B84F-21F3F2609595}"
EndProject
Project("{FAE04EC0-301F-11D3-BF4B-00C04F79EFBC}") = "FritzBoxDemo", "Demo\FritzBoxDemo.csproj", "{9746B4CD-18C3-482D-8D02-BEF5D9C8F610}"
EndProject
Global
	GlobalSection(SolutionConfigurationPlatforms) = preSolution
		Debug|Any CPU = Debug|Any CPU
		Release|Any CPU = Release|Any CPU
	EndGlobalSection
	GlobalSection(ProjectConfigurationPlatforms) = postSolution
		{871F78E2-CA95-4E0F-B84F-21F3F2609595}.Debug|Any CPU.ActiveCfg = Debug|Any CPU
		{871F78E2-CA95-4E0F-B84F-21F3F2609595}.Debug|Any CPU.Build.0 = Debug|Any CPU
		{871F78E2-CA95-4E0F-B84F-21F3F2609595}.Release|Any CPU.ActiveCfg = Release|Any CPU
		{871F78E2-CA95-4E0F-B84F-21F3F2609595}.Release|Any CPU.Build.0 = Release|Any CPU
		{9746B4CD-18C3-482D-8D02-BEF5D9C8F610}.Debug|Any CPU.ActiveCfg = Debug|Any CPU
		{9746B4CD-18C3-482D-8D02-BEF5D9C8F610}.Debug|Any CPU.Build.0 = Debug|Any CPU
		{9746B4CD-18C3-482D-8D02-BEF5D9C8F610}.Release|Any CPU.ActiveCfg = Release|Any CPU
		{9746B4CD-18C3-482D-8D02-BEF5D9C8F610}.Release|Any CPU.Build.0 = Release|Any CPU
	EndGlobalSection
	GlobalSection(SolutionProperties) = preSolution
		HideSolutionNode = FALSE
	EndGlobalSection
EndGlobal
